
Microsoft Visual Studio Solution File, Format Version 12.00
# Visual Studio Version 17
VisualStudioVersion = 17.14.36518.9
MinimumVisualStudioVersion = 10.0.40219.1
Project("{FAE04EC0-301F-11D3-BF4B-00C04F79EFBC}") = "fig_5", "figura_4\fig_5.csproj", "{06C0BF41-0F4F-492B-AAE9-1AEA774022F8}"
EndProject
Global
	GlobalSection(SolutionConfigurationPlatforms) = preSolution
		Debug|Any CPU = Debug|Any CPU
		Release|Any CPU = Release|Any CPU
	EndGlobalSection
	GlobalSection(ProjectConfigurationPlatforms) = postSolution
		{06C0BF41-0F4F-492B-AAE9-1AEA774022F8}.Debug|Any CPU.ActiveCfg = Debug|Any CPU
		{06C0BF41-0F4F-492B-AAE9-1AEA774022F8}.Debug|Any CPU.Build.0 = Debug|Any CPU
		{06C0BF41-0F4F-492B-AAE9-1AEA774022F8}.Release|Any CPU.ActiveCfg = Release|Any CPU
		{06C0BF41-0F4F-492B-AAE9-1AEA774022F8}.Release|Any CPU.Build.0 = Release|Any CPU
	EndGlobalSection
	GlobalSection(SolutionProperties) = preSolution
		HideSolutionNode = FALSE
	EndGlobalSection
	GlobalSection(ExtensibilityGlobals) = postSolution
		SolutionGuid = {3DCAA83B-CBD2-41FD-8DAB-FA30E2BF5E03}
	EndGlobalSection
EndGlobal
