
Microsoft Visual Studio Solution File, Format Version 12.00
# Visual Studio Version 17
VisualStudioVersion = 17.14.36518.9 d17.14
MinimumVisualStudioVersion = 10.0.40219.1
Project("{FAE04EC0-301F-11D3-BF4B-00C04F79EFBC}") = "Fig1_2_proyecto_Parcial1", "Fig1_2_proyecto_Parcial1.csproj", "{F0EE08CA-20F5-4BC2-9B64-2B0787C6762E}"
EndProject
Global
	GlobalSection(SolutionConfigurationPlatforms) = preSolution
		Debug|Any CPU = Debug|Any CPU
		Release|Any CPU = Release|Any CPU
	EndGlobalSection
	GlobalSection(ProjectConfigurationPlatforms) = postSolution
		{F0EE08CA-20F5-4BC2-9B64-2B0787C6762E}.Debug|Any CPU.ActiveCfg = Debug|Any CPU
		{F0EE08CA-20F5-4BC2-9B64-2B0787C6762E}.Debug|Any CPU.Build.0 = Debug|Any CPU
		{F0EE08CA-20F5-4BC2-9B64-2B0787C6762E}.Release|Any CPU.ActiveCfg = Release|Any CPU
		{F0EE08CA-20F5-4BC2-9B64-2B0787C6762E}.Release|Any CPU.Build.0 = Release|Any CPU
	EndGlobalSection
	GlobalSection(SolutionProperties) = preSolution
		HideSolutionNode = FALSE
	EndGlobalSection
	GlobalSection(ExtensibilityGlobals) = postSolution
		SolutionGuid = {F11E18A5-BCD1-4C5C-A609-5CFF367E50DE}
	EndGlobalSection
EndGlobal
