
Microsoft Visual Studio Solution File, Format Version 12.00
# Visual Studio Version 17
VisualStudioVersion = 17.14.36518.9
MinimumVisualStudioVersion = 10.0.40219.1
Project("{FAE04EC0-301F-11D3-BF4B-00C04F79EFBC}") = "fig_4", "WindowsFormsApp1\fig_4.csproj", "{154B7111-39DD-4AAA-AA60-C87136BC37CC}"
EndProject
Global
	GlobalSection(SolutionConfigurationPlatforms) = preSolution
		Debug|Any CPU = Debug|Any CPU
		Release|Any CPU = Release|Any CPU
	EndGlobalSection
	GlobalSection(ProjectConfigurationPlatforms) = postSolution
		{154B7111-39DD-4AAA-AA60-C87136BC37CC}.Debug|Any CPU.ActiveCfg = Debug|Any CPU
		{154B7111-39DD-4AAA-AA60-C87136BC37CC}.Debug|Any CPU.Build.0 = Debug|Any CPU
		{154B7111-39DD-4AAA-AA60-C87136BC37CC}.Release|Any CPU.ActiveCfg = Release|Any CPU
		{154B7111-39DD-4AAA-AA60-C87136BC37CC}.Release|Any CPU.Build.0 = Release|Any CPU
	EndGlobalSection
	GlobalSection(SolutionProperties) = preSolution
		HideSolutionNode = FALSE
	EndGlobalSection
	GlobalSection(ExtensibilityGlobals) = postSolution
		SolutionGuid = {EE19169B-3339-44C1-BA8F-DDF5BCE663E8}
	EndGlobalSection
EndGlobal
